
Microsoft Visual Studio Solution File, Format Version 12.00
# Visual Studio Version 16
VisualStudioVersion = 16.0.30204.135
MinimumVisualStudioVersion = 10.0.40219.1
Project("{FAE04EC0-301F-11D3-BF4B-00C04F79EFBC}") = "OrderService", "OrderService\OrderService.csproj", "{A3B2D90A-8970-418C-A93F-3D7065A597E7}"
EndProject
Project("{FAE04EC0-301F-11D3-BF4B-00C04F79EFBC}") = "PaymentService", "PaymentService\PaymentService.csproj", "{945BE86D-29C5-4CB5-895C-24B0440F42E0}"
EndProject
Global
	GlobalSection(SolutionConfigurationPlatforms) = preSolution
		Debug|Any CPU = Debug|Any CPU
		Release|Any CPU = Release|Any CPU
	EndGlobalSection
	GlobalSection(ProjectConfigurationPlatforms) = postSolution
		{A3B2D90A-8970-418C-A93F-3D7065A597E7}.Debug|Any CPU.ActiveCfg = Debug|Any CPU
		{A3B2D90A-8970-418C-A93F-3D7065A597E7}.Debug|Any CPU.Build.0 = Debug|Any CPU
		{A3B2D90A-8970-418C-A93F-3D7065A597E7}.Release|Any CPU.ActiveCfg = Release|Any CPU
		{A3B2D90A-8970-418C-A93F-3D7065A597E7}.Release|Any CPU.Build.0 = Release|Any CPU
		{945BE86D-29C5-4CB5-895C-24B0440F42E0}.Debug|Any CPU.ActiveCfg = Debug|Any CPU
		{945BE86D-29C5-4CB5-895C-24B0440F42E0}.Debug|Any CPU.Build.0 = Debug|Any CPU
		{945BE86D-29C5-4CB5-895C-24B0440F42E0}.Release|Any CPU.ActiveCfg = Release|Any CPU
		{945BE86D-29C5-4CB5-895C-24B0440F42E0}.Release|Any CPU.Build.0 = Release|Any CPU
	EndGlobalSection
	GlobalSection(SolutionProperties) = preSolution
		HideSolutionNode = FALSE
	EndGlobalSection
	GlobalSection(ExtensibilityGlobals) = postSolution
		SolutionGuid = {5FEB657B-9949-4F2D-8E41-EC20415DDDB9}
	EndGlobalSection
EndGlobal
