
Microsoft Visual Studio Solution File, Format Version 12.00
# Visual Studio Version 16
VisualStudioVersion = 16.0.30717.126
MinimumVisualStudioVersion = 10.0.40219.1
Project("{2150E333-8FDC-42A3-9474-1A3956D46DE8}") = "Services", "Services", "{53B9D0B2-888C-4D8A-9CC1-9148180875C8}"
EndProject
Project("{9A19103F-16F7-4668-BE54-9A1E7A4F7556}") = "Discount.Api", "Services\Discount.Api\Discount.Api.csproj", "{5626E55D-A709-493A-A6A4-1751BCA62F21}"
EndProject
Project("{9A19103F-16F7-4668-BE54-9A1E7A4F7556}") = "Basket.API", "Services\Basket.API\Basket.API.csproj", "{915F44C5-B669-41FD-8981-BA1AA20B8B3B}"
EndProject
Project("{2150E333-8FDC-42A3-9474-1A3956D46DE8}") = "Ordering", "Ordering", "{0B22C73F-5B52-4A91-A0ED-56E88D1F64E4}"
EndProject
Project("{9A19103F-16F7-4668-BE54-9A1E7A4F7556}") = "Ordering.API", "Services\Ordering\Ordering.API\Ordering.API.csproj", "{9BC799F0-029C-4129-B911-8D83693BFF9B}"
EndProject
Project("{9A19103F-16F7-4668-BE54-9A1E7A4F7556}") = "Ordering.Application", "Services\Ordering\Ordering.Application\Ordering.Application.csproj", "{B912D52E-2177-4C41-8D37-335ED8D229D4}"
EndProject
Project("{9A19103F-16F7-4668-BE54-9A1E7A4F7556}") = "Ordering.Infrastructure", "Services\Ordering\Ordering.Infrastructure\Ordering.Infrastructure.csproj", "{C1EBA7CB-CF3B-4144-A8E1-B6C02CAA867F}"
EndProject
Project("{9A19103F-16F7-4668-BE54-9A1E7A4F7556}") = "Ordering.Domain", "Services\Ordering\Ordering.Domain\Ordering.Domain.csproj", "{E3C835DC-165B-4867-A43B-B1A5768F6ED1}"
EndProject
Project("{2150E333-8FDC-42A3-9474-1A3956D46DE8}") = "Framework", "Framework", "{BB3ECC13-B001-4DE1-A3B3-FB05C1450FCC}"
EndProject
Project("{9A19103F-16F7-4668-BE54-9A1E7A4F7556}") = "EventBus.Messages", "Services\Framework\EventBus.Messages\EventBus.Messages.csproj", "{9EC1D740-9AED-45B2-B0B5-550294CEA16C}"
EndProject
Project("{2150E333-8FDC-42A3-9474-1A3956D46DE8}") = "ApiGateway", "ApiGateway", "{FA956517-B4BD-4FF6-9A76-A79997FD4AB2}"
EndProject
Project("{FAE04EC0-301F-11D3-BF4B-00C04F79EFBC}") = "Ocelot.ApiGateway", "Services\ApiGateway\Ocelot.ApiGateway\Ocelot.ApiGateway.csproj", "{8BB11353-6F34-4F1C-B239-F5E7C93E8722}"
EndProject
Global
	GlobalSection(SolutionConfigurationPlatforms) = preSolution
		Debug|Any CPU = Debug|Any CPU
		Release|Any CPU = Release|Any CPU
	EndGlobalSection
	GlobalSection(ProjectConfigurationPlatforms) = postSolution
		{5626E55D-A709-493A-A6A4-1751BCA62F21}.Debug|Any CPU.ActiveCfg = Debug|Any CPU
		{5626E55D-A709-493A-A6A4-1751BCA62F21}.Debug|Any CPU.Build.0 = Debug|Any CPU
		{5626E55D-A709-493A-A6A4-1751BCA62F21}.Release|Any CPU.ActiveCfg = Release|Any CPU
		{5626E55D-A709-493A-A6A4-1751BCA62F21}.Release|Any CPU.Build.0 = Release|Any CPU
		{915F44C5-B669-41FD-8981-BA1AA20B8B3B}.Debug|Any CPU.ActiveCfg = Debug|Any CPU
		{915F44C5-B669-41FD-8981-BA1AA20B8B3B}.Debug|Any CPU.Build.0 = Debug|Any CPU
		{915F44C5-B669-41FD-8981-BA1AA20B8B3B}.Release|Any CPU.ActiveCfg = Release|Any CPU
		{915F44C5-B669-41FD-8981-BA1AA20B8B3B}.Release|Any CPU.Build.0 = Release|Any CPU
		{9BC799F0-029C-4129-B911-8D83693BFF9B}.Debug|Any CPU.ActiveCfg = Debug|Any CPU
		{9BC799F0-029C-4129-B911-8D83693BFF9B}.Debug|Any CPU.Build.0 = Debug|Any CPU
		{9BC799F0-029C-4129-B911-8D83693BFF9B}.Release|Any CPU.ActiveCfg = Release|Any CPU
		{9BC799F0-029C-4129-B911-8D83693BFF9B}.Release|Any CPU.Build.0 = Release|Any CPU
		{B912D52E-2177-4C41-8D37-335ED8D229D4}.Debug|Any CPU.ActiveCfg = Debug|Any CPU
		{B912D52E-2177-4C41-8D37-335ED8D229D4}.Debug|Any CPU.Build.0 = Debug|Any CPU
		{B912D52E-2177-4C41-8D37-335ED8D229D4}.Release|Any CPU.ActiveCfg = Release|Any CPU
		{B912D52E-2177-4C41-8D37-335ED8D229D4}.Release|Any CPU.Build.0 = Release|Any CPU
		{C1EBA7CB-CF3B-4144-A8E1-B6C02CAA867F}.Debug|Any CPU.ActiveCfg = Debug|Any CPU
		{C1EBA7CB-CF3B-4144-A8E1-B6C02CAA867F}.Debug|Any CPU.Build.0 = Debug|Any CPU
		{C1EBA7CB-CF3B-4144-A8E1-B6C02CAA867F}.Release|Any CPU.ActiveCfg = Release|Any CPU
		{C1EBA7CB-CF3B-4144-A8E1-B6C02CAA867F}.Release|Any CPU.Build.0 = Release|Any CPU
		{E3C835DC-165B-4867-A43B-B1A5768F6ED1}.Debug|Any CPU.ActiveCfg = Debug|Any CPU
		{E3C835DC-165B-4867-A43B-B1A5768F6ED1}.Debug|Any CPU.Build.0 = Debug|Any CPU
		{E3C835DC-165B-4867-A43B-B1A5768F6ED1}.Release|Any CPU.ActiveCfg = Release|Any CPU
		{E3C835DC-165B-4867-A43B-B1A5768F6ED1}.Release|Any CPU.Build.0 = Release|Any CPU
		{9EC1D740-9AED-45B2-B0B5-550294CEA16C}.Debug|Any CPU.ActiveCfg = Debug|Any CPU
		{9EC1D740-9AED-45B2-B0B5-550294CEA16C}.Debug|Any CPU.Build.0 = Debug|Any CPU
		{9EC1D740-9AED-45B2-B0B5-550294CEA16C}.Release|Any CPU.ActiveCfg = Release|Any CPU
		{9EC1D740-9AED-45B2-B0B5-550294CEA16C}.Release|Any CPU.Build.0 = Release|Any CPU
		{8BB11353-6F34-4F1C-B239-F5E7C93E8722}.Debug|Any CPU.ActiveCfg = Debug|Any CPU
		{8BB11353-6F34-4F1C-B239-F5E7C93E8722}.Debug|Any CPU.Build.0 = Debug|Any CPU
		{8BB11353-6F34-4F1C-B239-F5E7C93E8722}.Release|Any CPU.ActiveCfg = Release|Any CPU
		{8BB11353-6F34-4F1C-B239-F5E7C93E8722}.Release|Any CPU.Build.0 = Release|Any CPU
	EndGlobalSection
	GlobalSection(SolutionProperties) = preSolution
		HideSolutionNode = FALSE
	EndGlobalSection
	GlobalSection(NestedProjects) = preSolution
		{5626E55D-A709-493A-A6A4-1751BCA62F21} = {53B9D0B2-888C-4D8A-9CC1-9148180875C8}
		{915F44C5-B669-41FD-8981-BA1AA20B8B3B} = {53B9D0B2-888C-4D8A-9CC1-9148180875C8}
		{0B22C73F-5B52-4A91-A0ED-56E88D1F64E4} = {53B9D0B2-888C-4D8A-9CC1-9148180875C8}
		{9BC799F0-029C-4129-B911-8D83693BFF9B} = {0B22C73F-5B52-4A91-A0ED-56E88D1F64E4}
		{B912D52E-2177-4C41-8D37-335ED8D229D4} = {0B22C73F-5B52-4A91-A0ED-56E88D1F64E4}
		{C1EBA7CB-CF3B-4144-A8E1-B6C02CAA867F} = {0B22C73F-5B52-4A91-A0ED-56E88D1F64E4}
		{E3C835DC-165B-4867-A43B-B1A5768F6ED1} = {0B22C73F-5B52-4A91-A0ED-56E88D1F64E4}
		{BB3ECC13-B001-4DE1-A3B3-FB05C1450FCC} = {53B9D0B2-888C-4D8A-9CC1-9148180875C8}
		{9EC1D740-9AED-45B2-B0B5-550294CEA16C} = {BB3ECC13-B001-4DE1-A3B3-FB05C1450FCC}
		{FA956517-B4BD-4FF6-9A76-A79997FD4AB2} = {53B9D0B2-888C-4D8A-9CC1-9148180875C8}
		{8BB11353-6F34-4F1C-B239-F5E7C93E8722} = {FA956517-B4BD-4FF6-9A76-A79997FD4AB2}
	EndGlobalSection
	GlobalSection(ExtensibilityGlobals) = postSolution
		SolutionGuid = {6BAB5C6E-BBFE-4A50-88A3-16FFFE6C5C4A}
	EndGlobalSection
EndGlobal
